// !$*UTF8*$!
{
	archiveVersion = 1;
	classes = {
	};
	objectVersion = 50;
	objects = {

/* Begin PBXBuildFile section */
		7D71F07020C059080077D07D /* AppDelegate.swift in Sources */ = {isa = PBXBuildFile; fileRef = 7D71F06F20C059080077D07D /* AppDelegate.swift */; };
		7D71F07220C059080077D07D /* ViewController.swift in Sources */ = {isa = PBXBuildFile; fileRef = 7D71F07120C059080077D07D /* ViewController.swift */; };
		7D71F07520C059090077D07D /* Main.storyboard in Resources */ = {isa = PBXBuildFile; fileRef = 7D71F07320C059090077D07D /* Main.storyboard */; };
		7D71F07720C0590B0077D07D /* Assets.xcassets in Resources */ = {isa = PBXBuildFile; fileRef = 7D71F07620C0590B0077D07D /* Assets.xcassets */; };
		7D71F07A20C0590B0077D07D /* LaunchScreen.storyboard in Resources */ = {isa = PBXBuildFile; fileRef = 7D71F07820C0590B0077D07D /* LaunchScreen.storyboard */; };
		7DD99A4720C84DED00D94A49 /* PopSound.flac in Resources */ = {isa = PBXBuildFile; fileRef = 7DD99A4620C84DED00D94A49 /* PopSound.flac */; };
		7DD99A4920C851AC00D94A49 /* Purchase.wav in Resources */ = {isa = PBXBuildFile; fileRef = 7DD99A4820C851AC00D94A49 /* Purchase.wav */; };
/* End PBXBuildFile section */

/* Begin PBXFileReference section */
		7D71F06C20C059080077D07D /* Idle Clicker.app */ = {isa = PBXFileReference; explicitFileType = wrapper.application; includeInIndex = 0; path = "Idle Clicker.app"; sourceTree = BUILT_PRODUCTS_DIR; };
		7D71F06F20C059080077D07D /* AppDelegate.swift */ = {isa = PBXFileReference; lastKnownFileType = sourcecode.swift; path = AppDelegate.swift; sourceTree = "<group>"; };
		7D71F07120C059080077D07D /* ViewController.swift */ = {isa = PBXFileReference; lastKnownFileType = sourcecode.swift; path = ViewController.swift; sourceTree = "<group>"; };
		7D71F07420C059090077D07D /* Base */ = {isa = PBXFileReference; lastKnownFileType = file.storyboard; name = Base; path = Base.lproj/Main.storyboard; sourceTree = "<group>"; };
		7D71F07620C0590B0077D07D /* Assets.xcassets */ = {isa = PBXFileReference; lastKnownFileType = folder.assetcatalog; path = Assets.xcassets; sourceTree = "<group>"; };
		7D71F07920C0590B0077D07D /* Base */ = {isa = PBXFileReference; lastKnownFileType = file.storyboard; name = Base; path = Base.lproj/LaunchScreen.storyboard; sourceTree = "<group>"; };
		7D71F07B20C0590B0077D07D /* Info.plist */ = {isa = PBXFileReference; lastKnownFileType = text.plist.xml; path = Info.plist; sourceTree = "<group>"; };
		7DD99A4620C84DED00D94A49 /* PopSound.flac */ = {isa = PBXFileReference; lastKnownFileType = file; path = PopSound.flac; sourceTree = "<group>"; };
		7DD99A4820C851AC00D94A49 /* Purchase.wav */ = {isa = PBXFileReference; lastKnownFileType = audio.wav; path = Purchase.wav; sourceTree = "<group>"; };
/* End PBXFileReference section */

/* Begin PBXFrameworksBuildPhase section */
		7D71F06920C059080077D07D /* Frameworks */ = {
			isa = PBXFrameworksBuildPhase;
			buildActionMask = 2147483647;
			files = (
			);
			runOnlyForDeploymentPostprocessing = 0;
		};
/* End PBXFrameworksBuildPhase section */

/* Begin PBXGroup section */
		7D71F06320C059080077D07D = {
			isa = PBXGroup;
			children = (
				7D71F06E20C059080077D07D /* Idle Clicker */,
				7D71F06D20C059080077D07D /* Products */,
			);
			sourceTree = "<group>";
		};
		7D71F06D20C059080077D07D /* Products */ = {
			isa = PBXGroup;
			children = (
				7D71F06C20C059080077D07D /* Idle Clicker.app */,
			);
			name = Products;
			sourceTree = "<group>";
		};
		7D71F06E20C059080077D07D /* Idle Clicker */ = {
			isa = PBXGroup;
			children = (
				7DD99A4620C84DED00D94A49 /* PopSound.flac */,
				7DD99A4820C851AC00D94A49 /* Purchase.wav */,
				7D71F06F20C059080077D07D /* AppDelegate.swift */,
				7D71F07120C059080077D07D /* ViewController.swift */,
				7D71F07320C059090077D07D /* Main.storyboard */,
				7D71F07620C0590B0077D07D /* Assets.xcassets */,
				7D71F07820C0590B0077D07D /* LaunchScreen.storyboard */,
				7D71F07B20C0590B0077D07D /* Info.plist */,
			);
			path = "Idle Clicker";
			sourceTree = "<group>";
		};
/* End PBXGroup section */

/* Begin PBXNativeTarget section */
		7D71F06B20C059080077D07D /* Idle Clicker */ = {
			isa = PBXNativeTarget;
			buildConfigurationList = 7D71F07E20C0590B0077D07D /* Build configuration list for PBXNativeTarget "Idle Clicker" */;
			buildPhases = (
				7D71F06820C059080077D07D /* Sources */,
				7D71F06920C059080077D07D /* Frameworks */,
				7D71F06A20C059080077D07D /* Resources */,
			);
			buildRules = (
			);
			dependencies = (
			);
			name = "Idle Clicker";
			productName = "Idle Clicker";
			productReference = 7D71F06C20C059080077D07D /* Idle Clicker.app */;
			productType = "com.apple.product-type.application";
		};
/* End PBXNativeTarget section */

/* Begin PBXProject section */
		7D71F06420C059080077D07D /* Project object */ = {
			isa = PBXProject;
			attributes = {
				LastSwiftUpdateCheck = 0930;
				LastUpgradeCheck = 0930;
				ORGANIZATIONNAME = crosenblatt;
				TargetAttributes = {
					7D71F06B20C059080077D07D = {
						CreatedOnToolsVersion = 9.3.1;
					};
				};
			};
			buildConfigurationList = 7D71F06720C059080077D07D /* Build configuration list for PBXProject "Idle Clicker" */;
			compatibilityVersion = "Xcode 9.3";
			developmentRegion = en;
			hasScannedForEncodings = 0;
			knownRegions = (
				en,
				Base,
			);
			mainGroup = 7D71F06320C059080077D07D;
			productRefGroup = 7D71F06D20C059080077D07D /* Products */;
			projectDirPath = "";
			projectRoot = "";
			targets = (
				7D71F06B20C059080077D07D /* Idle Clicker */,
			);
		};
/* End PBXProject section */

/* Begin PBXResourcesBuildPhase section */
		7D71F06A20C059080077D07D /* Resources */ = {
			isa = PBXResourcesBuildPhase;
			buildActionMask = 2147483647;
			files = (
				7D71F07A20C0590B0077D07D /* LaunchScreen.storyboard in Resources */,
				7DD99A4720C84DED00D94A49 /* PopSound.flac in Resources */,
				7D71F07720C0590B0077D07D /* Assets.xcassets in Resources */,
				7DD99A4920C851AC00D94A49 /* Purchase.wav in Resources */,
				7D71F07520C059090077D07D /* Main.storyboard in Resources */,
			);
			runOnlyForDeploymentPostprocessing = 0;
		};
/* End PBXResourcesBuildPhase section */

/* Begin PBXSourcesBuildPhase section */
		7D71F06820C059080077D07D /* Sources */ = {
			isa = PBXSourcesBuildPhase;
			buildActionMask = 2147483647;
			files = (
				7D71F07220C059080077D07D /* ViewController.swift in Sources */,
				7D71F07020C059080077D07D /* AppDelegate.swift in Sources */,
			);
			runOnlyForDeploymentPostprocessing = 0;
		};
/* End PBXSourcesBuildPhase section */

/* Begin PBXVariantGroup section */
		7D71F07320C059090077D07D /* Main.storyboard */ = {
			isa = PBXVariantGroup;
			children = (
				7D71F07420C059090077D07D /* Base */,
			);
			name = Main.storyboard;
			sourceTree = "<group>";
		};
		7D71F07820C0590B0077D07D /* LaunchScreen.storyboard */ = {
			isa = PBXVariantGroup;
			children = (
				7D71F07920C0590B0077D07D /* Base */,
			);
			name = LaunchScreen.storyboard;
			sourceTree = "<group>";
		};
/* End PBXVariantGroup section */

/* Begin XCBuildConfiguration section */
		7D71F07C20C0590B0077D07D /* Debug */ = {
			isa = XCBuildConfiguration;
			buildSettings = {
				ALWAYS_SEARCH_USER_PATHS = NO;
				CLANG_ANALYZER_NONNULL = YES;
				CLANG_ANALYZER_NUMBER_OBJECT_CONVERSION = YES_AGGRESSIVE;
				CLANG_CXX_LANGUAGE_STANDARD = "gnu++14";
				CLANG_CXX_LIBRARY = "libc++";
				CLANG_ENABLE_MODULES = YES;
				CLANG_ENABLE_OBJC_ARC = YES;
				CLANG_ENABLE_OBJC_WEAK = YES;
				CLANG_WARN_BLOCK_CAPTURE_AUTORELEASING = YES;
				CLANG_WARN_BOOL_CONVERSION = YES;
				CLANG_WARN_COMMA = YES;
				CLANG_WARN_CONSTANT_CONVERSION = YES;
				CLANG_WARN_DEPRECATED_OBJC_IMPLEMENTATIONS = YES;
				CLANG_WARN_DIRECT_OBJC_ISA_USAGE = YES_ERROR;
				CLANG_WARN_DOCUMENTATION_COMMENTS = YES;
				CLANG_WARN_EMPTY_BODY = YES;
				CLANG_WARN_ENUM_CONVERSION = YES;
				CLANG_WARN_INFINITE_RECURSION = YES;
				CLANG_WARN_INT_CONVERSION = YES;
				CLANG_WARN_NON_LITERAL_NULL_CONVERSION = YES;
				CLANG_WARN_OBJC_IMPLICIT_RETAIN_SELF = YES;
				CLANG_WARN_OBJC_LITERAL_CONVERSION = YES;
				CLANG_WARN_OBJC_ROOT_CLASS = YES_ERROR;
				CLANG_WARN_RANGE_LOOP_ANALYSIS = YES;
				CLANG_WARN_STRICT_PROTOTYPES = YES;
				CLANG_WARN_SUSPICIOUS_MOVE = YES;
				CLANG_WARN_UNGUARDED_AVAILABILITY = YES_AGGRESSIVE;
				CLANG_WARN_UNREACHABLE_CODE = YES;
				CLANG_WARN__DUPLICATE_METHOD_MATCH = YES;
				CODE_SIGN_IDENTITY = "iPhone Developer";
				COPY_PHASE_STRIP = NO;
				DEBUG_INFORMATION_FORMAT = dwarf;
				ENABLE_STRICT_OBJC_MSGSEND = YES;
				ENABLE_TESTABILITY = YES;
				GCC_C_LANGUAGE_STANDARD = gnu11;
				GCC_DYNAMIC_NO_PIC = NO;
				GCC_NO_COMMON_BLOCKS = YES;
				GCC_OPTIMIZATION_LEVEL = 0;
				GCC_PREPROCESSOR_DEFINITIONS = (
					"DEBUG=1",
					"$(inherited)",
				);
				GCC_WARN_64_TO_32_BIT_CONVERSION = YES;
				GCC_WARN_ABOUT_RETURN_TYPE = YES_ERROR;
				GCC_WARN_UNDECLARED_SELECTOR = YES;
				GCC_WARN_UNINITIALIZED_AUTOS = YES_AGGRESSIVE;
				GCC_WARN_UNUSED_FUNCTION = YES;
				GCC_WARN_UNUSED_VARIABLE = YES;
				IPHONEOS_DEPLOYMENT_TARGET = 11.3;
				MTL_ENABLE_DEBUG_INFO = YES;
				ONLY_ACTIVE_ARCH = YES;
				SDKROOT = iphoneos;
				SWIFT_ACTIVE_COMPILATION_CONDITIONS = DEBUG;
				SWIFT_OPTIMIZATION_LEVEL = "-Onone";
			};
			name = Debug;
		};
		7D71F07D20C0590B0077D07D /* Release */ = {
			isa = XCBuildConfiguration;
			buildSettings = {
				ALWAYS_SEARCH_USER_PATHS = NO;
				CLANG_ANALYZER_NONNULL = YES;
				CLANG_ANALYZER_NUMBER_OBJECT_CONVERSION = YES_AGGRESSIVE;
				CLANG_CXX_LANGUAGE_STANDARD = "gnu++14";
				CLANG_CXX_LIBRARY = "libc++";
				CLANG_ENABLE_MODULES = YES;
				CLANG_ENABLE_OBJC_ARC = YES;
				CLANG_ENABLE_OBJC_WEAK = YES;
				CLANG_WARN_BLOCK_CAPTURE_AUTORELEASING = YES;
				CLANG_WARN_BOOL_CONVERSION = YES;
				CLANG_WARN_COMMA = YES;
				CLANG_WARN_CONSTANT_CONVERSION = YES;
				CLANG_WARN_DEPRECATED_OBJC_IMPLEMENTATIONS = YES;
				CLANG_WARN_DIRECT_OBJC_ISA_USAGE = YES_ERROR;
				CLANG_WARN_DOCUMENTATION_COMMENTS = YES;
				CLANG_WARN_EMPTY_BODY = YES;
				CLANG_WARN_ENUM_CONVERSION = YES;
				CLANG_WARN_INFINITE_RECURSION = YES;
				CLANG_WARN_INT_CONVERSION = YES;
				CLANG_WARN_NON_LITERAL_NULL_CONVERSION = YES;
				CLANG_WARN_OBJC_IMPLICIT_RETAIN_SELF = YES;
				CLANG_WARN_OBJC_LITERAL_CONVERSION = YES;
				CLANG_WARN_OBJC_ROOT_CLASS = YES_ERROR;
				CLANG_WARN_RANGE_LOOP_ANALYSIS = YES;
				CLANG_WARN_STRICT_PROTOTYPES = YES;
				CLANG_WARN_SUSPICIOUS_MOVE = YES;
				CLANG_WARN_UNGUARDED_AVAILABILITY = YES_AGGRESSIVE;
				CLANG_WARN_UNREACHABLE_CODE = YES;
				CLANG_WARN__DUPLICATE_METHOD_MATCH = YES;
				CODE_SIGN_IDENTITY = "iPhone Developer";
				COPY_PHASE_STRIP = NO;
				DEBUG_INFORMATION_FORMAT = "dwarf-with-dsym";
				ENABLE_NS_ASSERTIONS = NO;
				ENABLE_STRICT_OBJC_MSGSEND = YES;
				GCC_C_LANGUAGE_STANDARD = gnu11;
				GCC_NO_COMMON_BLOCKS = YES;
				GCC_WARN_64_TO_32_BIT_CONVERSION = YES;
				GCC_WARN_ABOUT_RETURN_TYPE = YES_ERROR;
				GCC_WARN_UNDECLARED_SELECTOR = YES;
				GCC_WARN_UNINITIALIZED_AUTOS = YES_AGGRESSIVE;
				GCC_WARN_UNUSED_FUNCTION = YES;
				GCC_WARN_UNUSED_VARIABLE = YES;
				IPHONEOS_DEPLOYMENT_TARGET = 11.3;
				MTL_ENABLE_DEBUG_INFO = NO;
				SDKROOT = iphoneos;
				SWIFT_COMPILATION_MODE = wholemodule;
				SWIFT_OPTIMIZATION_LEVEL = "-O";
				VALIDATE_PRODUCT = YES;
			};
			name = Release;
		};
		7D71F07F20C0590B0077D07D /* Debug */ = {
			isa = XCBuildConfiguration;
			buildSettings = {
				ASSETCATALOG_COMPILER_APPICON_NAME = AppIcon;
				CODE_SIGN_STYLE = Automatic;
				INFOPLIST_FILE = "Idle Clicker/Info.plist";
				LD_RUNPATH_SEARCH_PATHS = (
					"$(inherited)",
					"@executable_path/Frameworks",
				);
				PRODUCT_BUNDLE_IDENTIFIER = "com.crosenblatt.Idle-Clicker";
				PRODUCT_NAME = "$(TARGET_NAME)";
				SWIFT_VERSION = 4.0;
				TARGETED_DEVICE_FAMILY = "1,2";
			};
			name = Debug;
		};
		7D71F08020C0590B0077D07D /* Release */ = {
			isa = XCBuildConfiguration;
			buildSettings = {
				ASSETCATALOG_COMPILER_APPICON_NAME = AppIcon;
				CODE_SIGN_STYLE = Automatic;
				INFOPLIST_FILE = "Idle Clicker/Info.plist";
				LD_RUNPATH_SEARCH_PATHS = (
					"$(inherited)",
					"@executable_path/Frameworks",
				);
				PRODUCT_BUNDLE_IDENTIFIER = "com.crosenblatt.Idle-Clicker";
				PRODUCT_NAME = "$(TARGET_NAME)";
				SWIFT_VERSION = 4.0;
				TARGETED_DEVICE_FAMILY = "1,2";
			};
			name = Release;
		};
/* End XCBuildConfiguration section */

/* Begin XCConfigurationList section */
		7D71F06720C059080077D07D /* Build configuration list for PBXProject "Idle Clicker" */ = {
			isa = XCConfigurationList;
			buildConfigurations = (
				7D71F07C20C0590B0077D07D /* Debug */,
				7D71F07D20C0590B0077D07D /* Release */,
			);
			defaultConfigurationIsVisible = 0;
			defaultConfigurationName = Release;
		};
		7D71F07E20C0590B0077D07D /* Build configuration list for PBXNativeTarget "Idle Clicker" */ = {
			isa = XCConfigurationList;
			buildConfigurations = (
				7D71F07F20C0590B0077D07D /* Debug */,
				7D71F08020C0590B0077D07D /* Release */,
			);
			defaultConfigurationIsVisible = 0;
			defaultConfigurationName = Release;
		};
/* End XCConfigurationList section */
	};
	rootObject = 7D71F06420C059080077D07D /* Project object */;
}
